
Microsoft Visual Studio Solution File, Format Version 12.00
# Visual Studio Version 17
VisualStudioVersion = 17.4.33403.182
MinimumVisualStudioVersion = 10.0.40219.1
Project("{FAE04EC0-301F-11D3-BF4B-00C04F79EFBC}") = "Api", "Api.csproj", "{4A6CD4E4-56B4-4F82-B61D-8004764BD27A}"
EndProject
Global
	GlobalSection(SolutionConfigurationPlatforms) = preSolution
		Debug|Any CPU = Debug|Any CPU
		Release|Any CPU = Release|Any CPU
	EndGlobalSection
	GlobalSection(ProjectConfigurationPlatforms) = postSolution
		{4A6CD4E4-56B4-4F82-B61D-8004764BD27A}.Debug|Any CPU.ActiveCfg = Debug|Any CPU
		{4A6CD4E4-56B4-4F82-B61D-8004764BD27A}.Debug|Any CPU.Build.0 = Debug|Any CPU
		{4A6CD4E4-56B4-4F82-B61D-8004764BD27A}.Release|Any CPU.ActiveCfg = Release|Any CPU
		{4A6CD4E4-56B4-4F82-B61D-8004764BD27A}.Release|Any CPU.Build.0 = Release|Any CPU
	EndGlobalSection
	GlobalSection(SolutionProperties) = preSolution
		HideSolutionNode = FALSE
	EndGlobalSection
	GlobalSection(ExtensibilityGlobals) = postSolution
		SolutionGuid = {C7A278A5-3E8A-4CEB-84D5-556371811B29}
	EndGlobalSection
EndGlobal
